// !$*UTF8*$!
{
	archiveVersion = 1;
	classes = {
	};
	objectVersion = 56;
	objects = {

/* Begin PBXBuildFile section */
		A1030201297A5C29001FF782 /* AppDelegate.swift in Sources */ = {isa = PBXBuildFile; fileRef = A1030200297A5C29001FF782 /* AppDelegate.swift */; };
		A1030203297A5C29001FF782 /* SceneDelegate.swift in Sources */ = {isa = PBXBuildFile; fileRef = A1030202297A5C29001FF782 /* SceneDelegate.swift */; };
		A1030205297A5C29001FF782 /* MainViewController.swift in Sources */ = {isa = PBXBuildFile; fileRef = A1030204297A5C29001FF782 /* MainViewController.swift */; };
		A1030208297A5C29001FF782 /* Main.storyboard in Resources */ = {isa = PBXBuildFile; fileRef = A1030206297A5C29001FF782 /* Main.storyboard */; };
		A103020A297A5C2A001FF782 /* Assets.xcassets in Resources */ = {isa = PBXBuildFile; fileRef = A1030209297A5C2A001FF782 /* Assets.xcassets */; };
		A103020D297A5C2A001FF782 /* LaunchScreen.storyboard in Resources */ = {isa = PBXBuildFile; fileRef = A103020B297A5C2A001FF782 /* LaunchScreen.storyboard */; };
		A1030218297A5C2A001FF782 /* MVP_UNIT_Test_SampleTests.swift in Sources */ = {isa = PBXBuildFile; fileRef = A1030217297A5C2A001FF782 /* MVP_UNIT_Test_SampleTests.swift */; };
		A1030222297A5C2A001FF782 /* MVP_UNIT_Test_SampleUITests.swift in Sources */ = {isa = PBXBuildFile; fileRef = A1030221297A5C2A001FF782 /* MVP_UNIT_Test_SampleUITests.swift */; };
		A1030224297A5C2A001FF782 /* MVP_UNIT_Test_SampleUITestsLaunchTests.swift in Sources */ = {isa = PBXBuildFile; fileRef = A1030223297A5C2A001FF782 /* MVP_UNIT_Test_SampleUITestsLaunchTests.swift */; };
		A1030233297A5DCC001FF782 /* MainPresenter.swift in Sources */ = {isa = PBXBuildFile; fileRef = A1030232297A5DCC001FF782 /* MainPresenter.swift */; };
		A11C6272297E63EB0084DC12 /* MainView.xib in Resources */ = {isa = PBXBuildFile; fileRef = A11C6271297E63EB0084DC12 /* MainView.xib */; };
		A11C6274297E651E0084DC12 /* ModuleBuilder.swift in Sources */ = {isa = PBXBuildFile; fileRef = A11C6273297E651E0084DC12 /* ModuleBuilder.swift */; };
		A11C6279297E78280084DC12 /* MainPresenterTest.swift in Sources */ = {isa = PBXBuildFile; fileRef = A11C6278297E78280084DC12 /* MainPresenterTest.swift */; };
		A12410D1297FD06100B1ADE3 /* Comment.swift in Sources */ = {isa = PBXBuildFile; fileRef = A12410D0297FD06100B1ADE3 /* Comment.swift */; };
		A12410D4297FD2F400B1ADE3 /* NetworkService.swift in Sources */ = {isa = PBXBuildFile; fileRef = A12410D3297FD2F400B1ADE3 /* NetworkService.swift */; };
		A12410D72980047700B1ADE3 /* DetailPresenter.swift in Sources */ = {isa = PBXBuildFile; fileRef = A12410D62980047700B1ADE3 /* DetailPresenter.swift */; };
		A12410DB29800BD200B1ADE3 /* DetailViewController.swift in Sources */ = {isa = PBXBuildFile; fileRef = A12410D929800BD200B1ADE3 /* DetailViewController.swift */; };
		A12410DC29800BD200B1ADE3 /* DetailViewController.xib in Resources */ = {isa = PBXBuildFile; fileRef = A12410DA29800BD200B1ADE3 /* DetailViewController.xib */; };
/* End PBXBuildFile section */

/* Begin PBXContainerItemProxy section */
		A1030214297A5C2A001FF782 /* PBXContainerItemProxy */ = {
			isa = PBXContainerItemProxy;
			containerPortal = A10301F5297A5C29001FF782 /* Project object */;
			proxyType = 1;
			remoteGlobalIDString = A10301FC297A5C29001FF782;
			remoteInfo = "MVP-UNIT-Test-Sample";
		};
		A103021E297A5C2A001FF782 /* PBXContainerItemProxy */ = {
			isa = PBXContainerItemProxy;
			containerPortal = A10301F5297A5C29001FF782 /* Project object */;
			proxyType = 1;
			remoteGlobalIDString = A10301FC297A5C29001FF782;
			remoteInfo = "MVP-UNIT-Test-Sample";
		};
/* End PBXContainerItemProxy section */

/* Begin PBXFileReference section */
		A10301FD297A5C29001FF782 /* MVP-UNIT-Test-Sample.app */ = {isa = PBXFileReference; explicitFileType = wrapper.application; includeInIndex = 0; path = "MVP-UNIT-Test-Sample.app"; sourceTree = BUILT_PRODUCTS_DIR; };
		A1030200297A5C29001FF782 /* AppDelegate.swift */ = {isa = PBXFileReference; lastKnownFileType = sourcecode.swift; path = AppDelegate.swift; sourceTree = "<group>"; };
		A1030202297A5C29001FF782 /* SceneDelegate.swift */ = {isa = PBXFileReference; lastKnownFileType = sourcecode.swift; path = SceneDelegate.swift; sourceTree = "<group>"; };
		A1030204297A5C29001FF782 /* MainViewController.swift */ = {isa = PBXFileReference; lastKnownFileType = sourcecode.swift; path = MainViewController.swift; sourceTree = "<group>"; };
		A1030207297A5C29001FF782 /* Base */ = {isa = PBXFileReference; lastKnownFileType = file.storyboard; name = Base; path = Base.lproj/Main.storyboard; sourceTree = "<group>"; };
		A1030209297A5C2A001FF782 /* Assets.xcassets */ = {isa = PBXFileReference; lastKnownFileType = folder.assetcatalog; path = Assets.xcassets; sourceTree = "<group>"; };
		A103020C297A5C2A001FF782 /* Base */ = {isa = PBXFileReference; lastKnownFileType = file.storyboard; name = Base; path = Base.lproj/LaunchScreen.storyboard; sourceTree = "<group>"; };
		A103020E297A5C2A001FF782 /* Info.plist */ = {isa = PBXFileReference; lastKnownFileType = text.plist.xml; path = Info.plist; sourceTree = "<group>"; };
		A1030213297A5C2A001FF782 /* MVP-UNIT-Test-SampleTests.xctest */ = {isa = PBXFileReference; explicitFileType = wrapper.cfbundle; includeInIndex = 0; path = "MVP-UNIT-Test-SampleTests.xctest"; sourceTree = BUILT_PRODUCTS_DIR; };
		A1030217297A5C2A001FF782 /* MVP_UNIT_Test_SampleTests.swift */ = {isa = PBXFileReference; lastKnownFileType = sourcecode.swift; path = MVP_UNIT_Test_SampleTests.swift; sourceTree = "<group>"; };
		A103021D297A5C2A001FF782 /* MVP-UNIT-Test-SampleUITests.xctest */ = {isa = PBXFileReference; explicitFileType = wrapper.cfbundle; includeInIndex = 0; path = "MVP-UNIT-Test-SampleUITests.xctest"; sourceTree = BUILT_PRODUCTS_DIR; };
		A1030221297A5C2A001FF782 /* MVP_UNIT_Test_SampleUITests.swift */ = {isa = PBXFileReference; lastKnownFileType = sourcecode.swift; path = MVP_UNIT_Test_SampleUITests.swift; sourceTree = "<group>"; };
		A1030223297A5C2A001FF782 /* MVP_UNIT_Test_SampleUITestsLaunchTests.swift */ = {isa = PBXFileReference; lastKnownFileType = sourcecode.swift; path = MVP_UNIT_Test_SampleUITestsLaunchTests.swift; sourceTree = "<group>"; };
		A1030232297A5DCC001FF782 /* MainPresenter.swift */ = {isa = PBXFileReference; lastKnownFileType = sourcecode.swift; path = MainPresenter.swift; sourceTree = "<group>"; };
		A11C6271297E63EB0084DC12 /* MainView.xib */ = {isa = PBXFileReference; lastKnownFileType = file.xib; path = MainView.xib; sourceTree = "<group>"; };
		A11C6273297E651E0084DC12 /* ModuleBuilder.swift */ = {isa = PBXFileReference; lastKnownFileType = sourcecode.swift; path = ModuleBuilder.swift; sourceTree = "<group>"; };
		A11C6278297E78280084DC12 /* MainPresenterTest.swift */ = {isa = PBXFileReference; lastKnownFileType = sourcecode.swift; path = MainPresenterTest.swift; sourceTree = "<group>"; };
		A12410D0297FD06100B1ADE3 /* Comment.swift */ = {isa = PBXFileReference; lastKnownFileType = sourcecode.swift; path = Comment.swift; sourceTree = "<group>"; };
		A12410D3297FD2F400B1ADE3 /* NetworkService.swift */ = {isa = PBXFileReference; lastKnownFileType = sourcecode.swift; path = NetworkService.swift; sourceTree = "<group>"; };
		A12410D62980047700B1ADE3 /* DetailPresenter.swift */ = {isa = PBXFileReference; lastKnownFileType = sourcecode.swift; path = DetailPresenter.swift; sourceTree = "<group>"; };
		A12410D929800BD200B1ADE3 /* DetailViewController.swift */ = {isa = PBXFileReference; lastKnownFileType = sourcecode.swift; path = DetailViewController.swift; sourceTree = "<group>"; };
		A12410DA29800BD200B1ADE3 /* DetailViewController.xib */ = {isa = PBXFileReference; lastKnownFileType = file.xib; path = DetailViewController.xib; sourceTree = "<group>"; };
/* End PBXFileReference section */

/* Begin PBXFrameworksBuildPhase section */
		A10301FA297A5C29001FF782 /* Frameworks */ = {
			isa = PBXFrameworksBuildPhase;
			buildActionMask = 2147483647;
			files = (
			);
			runOnlyForDeploymentPostprocessing = 0;
		};
		A1030210297A5C2A001FF782 /* Frameworks */ = {
			isa = PBXFrameworksBuildPhase;
			buildActionMask = 2147483647;
			files = (
			);
			runOnlyForDeploymentPostprocessing = 0;
		};
		A103021A297A5C2A001FF782 /* Frameworks */ = {
			isa = PBXFrameworksBuildPhase;
			buildActionMask = 2147483647;
			files = (
			);
			runOnlyForDeploymentPostprocessing = 0;
		};
/* End PBXFrameworksBuildPhase section */

/* Begin PBXGroup section */
		A10301F4297A5C29001FF782 = {
			isa = PBXGroup;
			children = (
				A10301FF297A5C29001FF782 /* MVP-UNIT-Test-Sample */,
				A1030216297A5C2A001FF782 /* MVP-UNIT-Test-SampleTests */,
				A1030220297A5C2A001FF782 /* MVP-UNIT-Test-SampleUITests */,
				A10301FE297A5C29001FF782 /* Products */,
			);
			sourceTree = "<group>";
		};
		A10301FE297A5C29001FF782 /* Products */ = {
			isa = PBXGroup;
			children = (
				A10301FD297A5C29001FF782 /* MVP-UNIT-Test-Sample.app */,
				A1030213297A5C2A001FF782 /* MVP-UNIT-Test-SampleTests.xctest */,
				A103021D297A5C2A001FF782 /* MVP-UNIT-Test-SampleUITests.xctest */,
			);
			name = Products;
			sourceTree = "<group>";
		};
		A10301FF297A5C29001FF782 /* MVP-UNIT-Test-Sample */ = {
			isa = PBXGroup;
			children = (
				A11C626C297E63170084DC12 /* Application */,
				A11C626D297E632C0084DC12 /* MainModule */,
				A12410D52980044400B1ADE3 /* DetailModule */,
				A12410D2297FD2BB00B1ADE3 /* Services */,
				A1030206297A5C29001FF782 /* Main.storyboard */,
				A1030209297A5C2A001FF782 /* Assets.xcassets */,
				A103020B297A5C2A001FF782 /* LaunchScreen.storyboard */,
				A103020E297A5C2A001FF782 /* Info.plist */,
			);
			path = "MVP-UNIT-Test-Sample";
			sourceTree = "<group>";
		};
		A1030216297A5C2A001FF782 /* MVP-UNIT-Test-SampleTests */ = {
			isa = PBXGroup;
			children = (
				A11C6277297E77DD0084DC12 /* TestMainModule */,
				A1030217297A5C2A001FF782 /* MVP_UNIT_Test_SampleTests.swift */,
			);
			path = "MVP-UNIT-Test-SampleTests";
			sourceTree = "<group>";
		};
		A1030220297A5C2A001FF782 /* MVP-UNIT-Test-SampleUITests */ = {
			isa = PBXGroup;
			children = (
				A1030221297A5C2A001FF782 /* MVP_UNIT_Test_SampleUITests.swift */,
				A1030223297A5C2A001FF782 /* MVP_UNIT_Test_SampleUITestsLaunchTests.swift */,
			);
			path = "MVP-UNIT-Test-SampleUITests";
			sourceTree = "<group>";
		};
		A11C626C297E63170084DC12 /* Application */ = {
			isa = PBXGroup;
			children = (
				A1030200297A5C29001FF782 /* AppDelegate.swift */,
				A1030202297A5C29001FF782 /* SceneDelegate.swift */,
				A11C6273297E651E0084DC12 /* ModuleBuilder.swift */,
			);
			path = Application;
			sourceTree = "<group>";
		};
		A11C626D297E632C0084DC12 /* MainModule */ = {
			isa = PBXGroup;
			children = (
				A11C626F297E63690084DC12 /* Model */,
				A11C626E297E63540084DC12 /* View */,
				A11C6270297E63740084DC12 /* Presenter */,
			);
			path = MainModule;
			sourceTree = "<group>";
		};
		A11C626E297E63540084DC12 /* View */ = {
			isa = PBXGroup;
			children = (
				A1030204297A5C29001FF782 /* MainViewController.swift */,
				A11C6271297E63EB0084DC12 /* MainView.xib */,
			);
			path = View;
			sourceTree = "<group>";
		};
		A11C626F297E63690084DC12 /* Model */ = {
			isa = PBXGroup;
			children = (
				A12410D0297FD06100B1ADE3 /* Comment.swift */,
			);
			path = Model;
			sourceTree = "<group>";
		};
		A11C6270297E63740084DC12 /* Presenter */ = {
			isa = PBXGroup;
			children = (
				A1030232297A5DCC001FF782 /* MainPresenter.swift */,
			);
			path = Presenter;
			sourceTree = "<group>";
		};
		A11C6277297E77DD0084DC12 /* TestMainModule */ = {
			isa = PBXGroup;
			children = (
				A11C6278297E78280084DC12 /* MainPresenterTest.swift */,
			);
			path = TestMainModule;
			sourceTree = "<group>";
		};
		A12410D2297FD2BB00B1ADE3 /* Services */ = {
			isa = PBXGroup;
			children = (
				A12410D3297FD2F400B1ADE3 /* NetworkService.swift */,
			);
			path = Services;
			sourceTree = "<group>";
		};
		A12410D52980044400B1ADE3 /* DetailModule */ = {
			isa = PBXGroup;
			children = (
				A12410DD29800BF800B1ADE3 /* View */,
				A12410D82980049B00B1ADE3 /* Presenter */,
			);
			path = DetailModule;
			sourceTree = "<group>";
		};
		A12410D82980049B00B1ADE3 /* Presenter */ = {
			isa = PBXGroup;
			children = (
				A12410D62980047700B1ADE3 /* DetailPresenter.swift */,
			);
			path = Presenter;
			sourceTree = "<group>";
		};
		A12410DD29800BF800B1ADE3 /* View */ = {
			isa = PBXGroup;
			children = (
				A12410D929800BD200B1ADE3 /* DetailViewController.swift */,
				A12410DA29800BD200B1ADE3 /* DetailViewController.xib */,
			);
			path = View;
			sourceTree = "<group>";
		};
/* End PBXGroup section */

/* Begin PBXNativeTarget section */
		A10301FC297A5C29001FF782 /* MVP-UNIT-Test-Sample */ = {
			isa = PBXNativeTarget;
			buildConfigurationList = A1030227297A5C2A001FF782 /* Build configuration list for PBXNativeTarget "MVP-UNIT-Test-Sample" */;
			buildPhases = (
				A10301F9297A5C29001FF782 /* Sources */,
				A10301FA297A5C29001FF782 /* Frameworks */,
				A10301FB297A5C29001FF782 /* Resources */,
			);
			buildRules = (
			);
			dependencies = (
			);
			name = "MVP-UNIT-Test-Sample";
			productName = "MVP-UNIT-Test-Sample";
			productReference = A10301FD297A5C29001FF782 /* MVP-UNIT-Test-Sample.app */;
			productType = "com.apple.product-type.application";
		};
		A1030212297A5C2A001FF782 /* MVP-UNIT-Test-SampleTests */ = {
			isa = PBXNativeTarget;
			buildConfigurationList = A103022A297A5C2A001FF782 /* Build configuration list for PBXNativeTarget "MVP-UNIT-Test-SampleTests" */;
			buildPhases = (
				A103020F297A5C2A001FF782 /* Sources */,
				A1030210297A5C2A001FF782 /* Frameworks */,
				A1030211297A5C2A001FF782 /* Resources */,
			);
			buildRules = (
			);
			dependencies = (
				A1030215297A5C2A001FF782 /* PBXTargetDependency */,
			);
			name = "MVP-UNIT-Test-SampleTests";
			productName = "MVP-UNIT-Test-SampleTests";
			productReference = A1030213297A5C2A001FF782 /* MVP-UNIT-Test-SampleTests.xctest */;
			productType = "com.apple.product-type.bundle.unit-test";
		};
		A103021C297A5C2A001FF782 /* MVP-UNIT-Test-SampleUITests */ = {
			isa = PBXNativeTarget;
			buildConfigurationList = A103022D297A5C2A001FF782 /* Build configuration list for PBXNativeTarget "MVP-UNIT-Test-SampleUITests" */;
			buildPhases = (
				A1030219297A5C2A001FF782 /* Sources */,
				A103021A297A5C2A001FF782 /* Frameworks */,
				A103021B297A5C2A001FF782 /* Resources */,
			);
			buildRules = (
			);
			dependencies = (
				A103021F297A5C2A001FF782 /* PBXTargetDependency */,
			);
			name = "MVP-UNIT-Test-SampleUITests";
			productName = "MVP-UNIT-Test-SampleUITests";
			productReference = A103021D297A5C2A001FF782 /* MVP-UNIT-Test-SampleUITests.xctest */;
			productType = "com.apple.product-type.bundle.ui-testing";
		};
/* End PBXNativeTarget section */

/* Begin PBXProject section */
		A10301F5297A5C29001FF782 /* Project object */ = {
			isa = PBXProject;
			attributes = {
				BuildIndependentTargetsInParallel = 1;
				LastSwiftUpdateCheck = 1400;
				LastUpgradeCheck = 1400;
				TargetAttributes = {
					A10301FC297A5C29001FF782 = {
						CreatedOnToolsVersion = 14.0;
					};
					A1030212297A5C2A001FF782 = {
						CreatedOnToolsVersion = 14.0;
						TestTargetID = A10301FC297A5C29001FF782;
					};
					A103021C297A5C2A001FF782 = {
						CreatedOnToolsVersion = 14.0;
						TestTargetID = A10301FC297A5C29001FF782;
					};
				};
			};
			buildConfigurationList = A10301F8297A5C29001FF782 /* Build configuration list for PBXProject "MVP-UNIT-Test-Sample" */;
			compatibilityVersion = "Xcode 14.0";
			developmentRegion = en;
			hasScannedForEncodings = 0;
			knownRegions = (
				en,
				Base,
			);
			mainGroup = A10301F4297A5C29001FF782;
			productRefGroup = A10301FE297A5C29001FF782 /* Products */;
			projectDirPath = "";
			projectRoot = "";
			targets = (
				A10301FC297A5C29001FF782 /* MVP-UNIT-Test-Sample */,
				A1030212297A5C2A001FF782 /* MVP-UNIT-Test-SampleTests */,
				A103021C297A5C2A001FF782 /* MVP-UNIT-Test-SampleUITests */,
			);
		};
/* End PBXProject section */

/* Begin PBXResourcesBuildPhase section */
		A10301FB297A5C29001FF782 /* Resources */ = {
			isa = PBXResourcesBuildPhase;
			buildActionMask = 2147483647;
			files = (
				A103020D297A5C2A001FF782 /* LaunchScreen.storyboard in Resources */,
				A11C6272297E63EB0084DC12 /* MainView.xib in Resources */,
				A103020A297A5C2A001FF782 /* Assets.xcassets in Resources */,
				A12410DC29800BD200B1ADE3 /* DetailViewController.xib in Resources */,
				A1030208297A5C29001FF782 /* Main.storyboard in Resources */,
			);
			runOnlyForDeploymentPostprocessing = 0;
		};
		A1030211297A5C2A001FF782 /* Resources */ = {
			isa = PBXResourcesBuildPhase;
			buildActionMask = 2147483647;
			files = (
			);
			runOnlyForDeploymentPostprocessing = 0;
		};
		A103021B297A5C2A001FF782 /* Resources */ = {
			isa = PBXResourcesBuildPhase;
			buildActionMask = 2147483647;
			files = (
			);
			runOnlyForDeploymentPostprocessing = 0;
		};
/* End PBXResourcesBuildPhase section */

/* Begin PBXSourcesBuildPhase section */
		A10301F9297A5C29001FF782 /* Sources */ = {
			isa = PBXSourcesBuildPhase;
			buildActionMask = 2147483647;
			files = (
				A1030233297A5DCC001FF782 /* MainPresenter.swift in Sources */,
				A12410D72980047700B1ADE3 /* DetailPresenter.swift in Sources */,
				A1030205297A5C29001FF782 /* MainViewController.swift in Sources */,
				A12410D4297FD2F400B1ADE3 /* NetworkService.swift in Sources */,
				A1030201297A5C29001FF782 /* AppDelegate.swift in Sources */,
				A1030203297A5C29001FF782 /* SceneDelegate.swift in Sources */,
				A12410DB29800BD200B1ADE3 /* DetailViewController.swift in Sources */,
				A12410D1297FD06100B1ADE3 /* Comment.swift in Sources */,
				A11C6274297E651E0084DC12 /* ModuleBuilder.swift in Sources */,
			);
			runOnlyForDeploymentPostprocessing = 0;
		};
		A103020F297A5C2A001FF782 /* Sources */ = {
			isa = PBXSourcesBuildPhase;
			buildActionMask = 2147483647;
			files = (
				A1030218297A5C2A001FF782 /* MVP_UNIT_Test_SampleTests.swift in Sources */,
				A11C6279297E78280084DC12 /* MainPresenterTest.swift in Sources */,
			);
			runOnlyForDeploymentPostprocessing = 0;
		};
		A1030219297A5C2A001FF782 /* Sources */ = {
			isa = PBXSourcesBuildPhase;
			buildActionMask = 2147483647;
			files = (
				A1030224297A5C2A001FF782 /* MVP_UNIT_Test_SampleUITestsLaunchTests.swift in Sources */,
				A1030222297A5C2A001FF782 /* MVP_UNIT_Test_SampleUITests.swift in Sources */,
			);
			runOnlyForDeploymentPostprocessing = 0;
		};
/* End PBXSourcesBuildPhase section */

/* Begin PBXTargetDependency section */
		A1030215297A5C2A001FF782 /* PBXTargetDependency */ = {
			isa = PBXTargetDependency;
			target = A10301FC297A5C29001FF782 /* MVP-UNIT-Test-Sample */;
			targetProxy = A1030214297A5C2A001FF782 /* PBXContainerItemProxy */;
		};
		A103021F297A5C2A001FF782 /* PBXTargetDependency */ = {
			isa = PBXTargetDependency;
			target = A10301FC297A5C29001FF782 /* MVP-UNIT-Test-Sample */;
			targetProxy = A103021E297A5C2A001FF782 /* PBXContainerItemProxy */;
		};
/* End PBXTargetDependency section */

/* Begin PBXVariantGroup section */
		A1030206297A5C29001FF782 /* Main.storyboard */ = {
			isa = PBXVariantGroup;
			children = (
				A1030207297A5C29001FF782 /* Base */,
			);
			name = Main.storyboard;
			sourceTree = "<group>";
		};
		A103020B297A5C2A001FF782 /* LaunchScreen.storyboard */ = {
			isa = PBXVariantGroup;
			children = (
				A103020C297A5C2A001FF782 /* Base */,
			);
			name = LaunchScreen.storyboard;
			sourceTree = "<group>";
		};
/* End PBXVariantGroup section */

/* Begin XCBuildConfiguration section */
		A1030225297A5C2A001FF782 /* Debug */ = {
			isa = XCBuildConfiguration;
			buildSettings = {
				ALWAYS_SEARCH_USER_PATHS = NO;
				CLANG_ANALYZER_NONNULL = YES;
				CLANG_ANALYZER_NUMBER_OBJECT_CONVERSION = YES_AGGRESSIVE;
				CLANG_CXX_LANGUAGE_STANDARD = "gnu++20";
				CLANG_ENABLE_MODULES = YES;
				CLANG_ENABLE_OBJC_ARC = YES;
				CLANG_ENABLE_OBJC_WEAK = YES;
				CLANG_WARN_BLOCK_CAPTURE_AUTORELEASING = YES;
				CLANG_WARN_BOOL_CONVERSION = YES;
				CLANG_WARN_COMMA = YES;
				CLANG_WARN_CONSTANT_CONVERSION = YES;
				CLANG_WARN_DEPRECATED_OBJC_IMPLEMENTATIONS = YES;
				CLANG_WARN_DIRECT_OBJC_ISA_USAGE = YES_ERROR;
				CLANG_WARN_DOCUMENTATION_COMMENTS = YES;
				CLANG_WARN_EMPTY_BODY = YES;
				CLANG_WARN_ENUM_CONVERSION = YES;
				CLANG_WARN_INFINITE_RECURSION = YES;
				CLANG_WARN_INT_CONVERSION = YES;
				CLANG_WARN_NON_LITERAL_NULL_CONVERSION = YES;
				CLANG_WARN_OBJC_IMPLICIT_RETAIN_SELF = YES;
				CLANG_WARN_OBJC_LITERAL_CONVERSION = YES;
				CLANG_WARN_OBJC_ROOT_CLASS = YES_ERROR;
				CLANG_WARN_QUOTED_INCLUDE_IN_FRAMEWORK_HEADER = YES;
				CLANG_WARN_RANGE_LOOP_ANALYSIS = YES;
				CLANG_WARN_STRICT_PROTOTYPES = YES;
				CLANG_WARN_SUSPICIOUS_MOVE = YES;
				CLANG_WARN_UNGUARDED_AVAILABILITY = YES_AGGRESSIVE;
				CLANG_WARN_UNREACHABLE_CODE = YES;
				CLANG_WARN__DUPLICATE_METHOD_MATCH = YES;
				COPY_PHASE_STRIP = NO;
				DEBUG_INFORMATION_FORMAT = dwarf;
				ENABLE_STRICT_OBJC_MSGSEND = YES;
				ENABLE_TESTABILITY = YES;
				GCC_C_LANGUAGE_STANDARD = gnu11;
				GCC_DYNAMIC_NO_PIC = NO;
				GCC_NO_COMMON_BLOCKS = YES;
				GCC_OPTIMIZATION_LEVEL = 0;
				GCC_PREPROCESSOR_DEFINITIONS = (
					"DEBUG=1",
					"$(inherited)",
				);
				GCC_WARN_64_TO_32_BIT_CONVERSION = YES;
				GCC_WARN_ABOUT_RETURN_TYPE = YES_ERROR;
				GCC_WARN_UNDECLARED_SELECTOR = YES;
				GCC_WARN_UNINITIALIZED_AUTOS = YES_AGGRESSIVE;
				GCC_WARN_UNUSED_FUNCTION = YES;
				GCC_WARN_UNUSED_VARIABLE = YES;
				IPHONEOS_DEPLOYMENT_TARGET = 16.0;
				MTL_ENABLE_DEBUG_INFO = INCLUDE_SOURCE;
				MTL_FAST_MATH = YES;
				ONLY_ACTIVE_ARCH = YES;
				SDKROOT = iphoneos;
				SWIFT_ACTIVE_COMPILATION_CONDITIONS = DEBUG;
				SWIFT_OPTIMIZATION_LEVEL = "-Onone";
			};
			name = Debug;
		};
		A1030226297A5C2A001FF782 /* Release */ = {
			isa = XCBuildConfiguration;
			buildSettings = {
				ALWAYS_SEARCH_USER_PATHS = NO;
				CLANG_ANALYZER_NONNULL = YES;
				CLANG_ANALYZER_NUMBER_OBJECT_CONVERSION = YES_AGGRESSIVE;
				CLANG_CXX_LANGUAGE_STANDARD = "gnu++20";
				CLANG_ENABLE_MODULES = YES;
				CLANG_ENABLE_OBJC_ARC = YES;
				CLANG_ENABLE_OBJC_WEAK = YES;
				CLANG_WARN_BLOCK_CAPTURE_AUTORELEASING = YES;
				CLANG_WARN_BOOL_CONVERSION = YES;
				CLANG_WARN_COMMA = YES;
				CLANG_WARN_CONSTANT_CONVERSION = YES;
				CLANG_WARN_DEPRECATED_OBJC_IMPLEMENTATIONS = YES;
				CLANG_WARN_DIRECT_OBJC_ISA_USAGE = YES_ERROR;
				CLANG_WARN_DOCUMENTATION_COMMENTS = YES;
				CLANG_WARN_EMPTY_BODY = YES;
				CLANG_WARN_ENUM_CONVERSION = YES;
				CLANG_WARN_INFINITE_RECURSION = YES;
				CLANG_WARN_INT_CONVERSION = YES;
				CLANG_WARN_NON_LITERAL_NULL_CONVERSION = YES;
				CLANG_WARN_OBJC_IMPLICIT_RETAIN_SELF = YES;
				CLANG_WARN_OBJC_LITERAL_CONVERSION = YES;
				CLANG_WARN_OBJC_ROOT_CLASS = YES_ERROR;
				CLANG_WARN_QUOTED_INCLUDE_IN_FRAMEWORK_HEADER = YES;
				CLANG_WARN_RANGE_LOOP_ANALYSIS = YES;
				CLANG_WARN_STRICT_PROTOTYPES = YES;
				CLANG_WARN_SUSPICIOUS_MOVE = YES;
				CLANG_WARN_UNGUARDED_AVAILABILITY = YES_AGGRESSIVE;
				CLANG_WARN_UNREACHABLE_CODE = YES;
				CLANG_WARN__DUPLICATE_METHOD_MATCH = YES;
				COPY_PHASE_STRIP = NO;
				DEBUG_INFORMATION_FORMAT = "dwarf-with-dsym";
				ENABLE_NS_ASSERTIONS = NO;
				ENABLE_STRICT_OBJC_MSGSEND = YES;
				GCC_C_LANGUAGE_STANDARD = gnu11;
				GCC_NO_COMMON_BLOCKS = YES;
				GCC_WARN_64_TO_32_BIT_CONVERSION = YES;
				GCC_WARN_ABOUT_RETURN_TYPE = YES_ERROR;
				GCC_WARN_UNDECLARED_SELECTOR = YES;
				GCC_WARN_UNINITIALIZED_AUTOS = YES_AGGRESSIVE;
				GCC_WARN_UNUSED_FUNCTION = YES;
				GCC_WARN_UNUSED_VARIABLE = YES;
				IPHONEOS_DEPLOYMENT_TARGET = 16.0;
				MTL_ENABLE_DEBUG_INFO = NO;
				MTL_FAST_MATH = YES;
				SDKROOT = iphoneos;
				SWIFT_COMPILATION_MODE = wholemodule;
				SWIFT_OPTIMIZATION_LEVEL = "-O";
				VALIDATE_PRODUCT = YES;
			};
			name = Release;
		};
		A1030228297A5C2A001FF782 /* Debug */ = {
			isa = XCBuildConfiguration;
			buildSettings = {
				ASSETCATALOG_COMPILER_APPICON_NAME = AppIcon;
				ASSETCATALOG_COMPILER_GLOBAL_ACCENT_COLOR_NAME = AccentColor;
				CODE_SIGN_STYLE = Automatic;
				CURRENT_PROJECT_VERSION = 1;
				DEVELOPMENT_TEAM = 43434K798H;
				GENERATE_INFOPLIST_FILE = YES;
				INFOPLIST_FILE = "MVP-UNIT-Test-Sample/Info.plist";
				INFOPLIST_KEY_UIApplicationSupportsIndirectInputEvents = YES;
				INFOPLIST_KEY_UILaunchStoryboardName = LaunchScreen;
				INFOPLIST_KEY_UIMainStoryboardFile = Main;
				INFOPLIST_KEY_UISupportedInterfaceOrientations_iPad = "UIInterfaceOrientationPortrait UIInterfaceOrientationPortraitUpsideDown UIInterfaceOrientationLandscapeLeft UIInterfaceOrientationLandscapeRight";
				INFOPLIST_KEY_UISupportedInterfaceOrientations_iPhone = "UIInterfaceOrientationPortrait UIInterfaceOrientationLandscapeLeft UIInterfaceOrientationLandscapeRight";
				LD_RUNPATH_SEARCH_PATHS = (
					"$(inherited)",
					"@executable_path/Frameworks",
				);
				MARKETING_VERSION = 1.0;
				PRODUCT_BUNDLE_IDENTIFIER = "AndyPolDev.MVP-UNIT-Test-Sample";
				PRODUCT_NAME = "$(TARGET_NAME)";
				SWIFT_EMIT_LOC_STRINGS = YES;
				SWIFT_VERSION = 5.0;
				TARGETED_DEVICE_FAMILY = "1,2";
			};
			name = Debug;
		};
		A1030229297A5C2A001FF782 /* Release */ = {
			isa = XCBuildConfiguration;
			buildSettings = {
				ASSETCATALOG_COMPILER_APPICON_NAME = AppIcon;
				ASSETCATALOG_COMPILER_GLOBAL_ACCENT_COLOR_NAME = AccentColor;
				CODE_SIGN_STYLE = Automatic;
				CURRENT_PROJECT_VERSION = 1;
				DEVELOPMENT_TEAM = 43434K798H;
				GENERATE_INFOPLIST_FILE = YES;
				INFOPLIST_FILE = "MVP-UNIT-Test-Sample/Info.plist";
				INFOPLIST_KEY_UIApplicationSupportsIndirectInputEvents = YES;
				INFOPLIST_KEY_UILaunchStoryboardName = LaunchScreen;
				INFOPLIST_KEY_UIMainStoryboardFile = Main;
				INFOPLIST_KEY_UISupportedInterfaceOrientations_iPad = "UIInterfaceOrientationPortrait UIInterfaceOrientationPortraitUpsideDown UIInterfaceOrientationLandscapeLeft UIInterfaceOrientationLandscapeRight";
				INFOPLIST_KEY_UISupportedInterfaceOrientations_iPhone = "UIInterfaceOrientationPortrait UIInterfaceOrientationLandscapeLeft UIInterfaceOrientationLandscapeRight";
				LD_RUNPATH_SEARCH_PATHS = (
					"$(inherited)",
					"@executable_path/Frameworks",
				);
				MARKETING_VERSION = 1.0;
				PRODUCT_BUNDLE_IDENTIFIER = "AndyPolDev.MVP-UNIT-Test-Sample";
				PRODUCT_NAME = "$(TARGET_NAME)";
				SWIFT_EMIT_LOC_STRINGS = YES;
				SWIFT_VERSION = 5.0;
				TARGETED_DEVICE_FAMILY = "1,2";
			};
			name = Release;
		};
		A103022B297A5C2A001FF782 /* Debug */ = {
			isa = XCBuildConfiguration;
			buildSettings = {
				ALWAYS_EMBED_SWIFT_STANDARD_LIBRARIES = YES;
				BUNDLE_LOADER = "$(TEST_HOST)";
				CODE_SIGN_STYLE = Automatic;
				CURRENT_PROJECT_VERSION = 1;
				DEVELOPMENT_TEAM = 43434K798H;
				GENERATE_INFOPLIST_FILE = YES;
				IPHONEOS_DEPLOYMENT_TARGET = 16.0;
				MARKETING_VERSION = 1.0;
				PRODUCT_BUNDLE_IDENTIFIER = "AndyPolDev.MVP-UNIT-Test-SampleTests";
				PRODUCT_NAME = "$(TARGET_NAME)";
				SWIFT_EMIT_LOC_STRINGS = NO;
				SWIFT_VERSION = 5.0;
				TARGETED_DEVICE_FAMILY = "1,2";
				TEST_HOST = "$(BUILT_PRODUCTS_DIR)/MVP-UNIT-Test-Sample.app/$(BUNDLE_EXECUTABLE_FOLDER_PATH)/MVP-UNIT-Test-Sample";
			};
			name = Debug;
		};
		A103022C297A5C2A001FF782 /* Release */ = {
			isa = XCBuildConfiguration;
			buildSettings = {
				ALWAYS_EMBED_SWIFT_STANDARD_LIBRARIES = YES;
				BUNDLE_LOADER = "$(TEST_HOST)";
				CODE_SIGN_STYLE = Automatic;
				CURRENT_PROJECT_VERSION = 1;
				DEVELOPMENT_TEAM = 43434K798H;
				GENERATE_INFOPLIST_FILE = YES;
				IPHONEOS_DEPLOYMENT_TARGET = 16.0;
				MARKETING_VERSION = 1.0;
				PRODUCT_BUNDLE_IDENTIFIER = "AndyPolDev.MVP-UNIT-Test-SampleTests";
				PRODUCT_NAME = "$(TARGET_NAME)";
				SWIFT_EMIT_LOC_STRINGS = NO;
				SWIFT_VERSION = 5.0;
				TARGETED_DEVICE_FAMILY = "1,2";
				TEST_HOST = "$(BUILT_PRODUCTS_DIR)/MVP-UNIT-Test-Sample.app/$(BUNDLE_EXECUTABLE_FOLDER_PATH)/MVP-UNIT-Test-Sample";
			};
			name = Release;
		};
		A103022E297A5C2A001FF782 /* Debug */ = {
			isa = XCBuildConfiguration;
			buildSettings = {
				ALWAYS_EMBED_SWIFT_STANDARD_LIBRARIES = YES;
				CODE_SIGN_STYLE = Automatic;
				CURRENT_PROJECT_VERSION = 1;
				DEVELOPMENT_TEAM = 43434K798H;
				GENERATE_INFOPLIST_FILE = YES;
				MARKETING_VERSION = 1.0;
				PRODUCT_BUNDLE_IDENTIFIER = "AndyPolDev.MVP-UNIT-Test-SampleUITests";
				PRODUCT_NAME = "$(TARGET_NAME)";
				SWIFT_EMIT_LOC_STRINGS = NO;
				SWIFT_VERSION = 5.0;
				TARGETED_DEVICE_FAMILY = "1,2";
				TEST_TARGET_NAME = "MVP-UNIT-Test-Sample";
			};
			name = Debug;
		};
		A103022F297A5C2A001FF782 /* Release */ = {
			isa = XCBuildConfiguration;
			buildSettings = {
				ALWAYS_EMBED_SWIFT_STANDARD_LIBRARIES = YES;
				CODE_SIGN_STYLE = Automatic;
				CURRENT_PROJECT_VERSION = 1;
				DEVELOPMENT_TEAM = 43434K798H;
				GENERATE_INFOPLIST_FILE = YES;
				MARKETING_VERSION = 1.0;
				PRODUCT_BUNDLE_IDENTIFIER = "AndyPolDev.MVP-UNIT-Test-SampleUITests";
				PRODUCT_NAME = "$(TARGET_NAME)";
				SWIFT_EMIT_LOC_STRINGS = NO;
				SWIFT_VERSION = 5.0;
				TARGETED_DEVICE_FAMILY = "1,2";
				TEST_TARGET_NAME = "MVP-UNIT-Test-Sample";
			};
			name = Release;
		};
/* End XCBuildConfiguration section */

/* Begin XCConfigurationList section */
		A10301F8297A5C29001FF782 /* Build configuration list for PBXProject "MVP-UNIT-Test-Sample" */ = {
			isa = XCConfigurationList;
			buildConfigurations = (
				A1030225297A5C2A001FF782 /* Debug */,
				A1030226297A5C2A001FF782 /* Release */,
			);
			defaultConfigurationIsVisible = 0;
			defaultConfigurationName = Release;
		};
		A1030227297A5C2A001FF782 /* Build configuration list for PBXNativeTarget "MVP-UNIT-Test-Sample" */ = {
			isa = XCConfigurationList;
			buildConfigurations = (
				A1030228297A5C2A001FF782 /* Debug */,
				A1030229297A5C2A001FF782 /* Release */,
			);
			defaultConfigurationIsVisible = 0;
			defaultConfigurationName = Release;
		};
		A103022A297A5C2A001FF782 /* Build configuration list for PBXNativeTarget "MVP-UNIT-Test-SampleTests" */ = {
			isa = XCConfigurationList;
			buildConfigurations = (
				A103022B297A5C2A001FF782 /* Debug */,
				A103022C297A5C2A001FF782 /* Release */,
			);
			defaultConfigurationIsVisible = 0;
			defaultConfigurationName = Release;
		};
		A103022D297A5C2A001FF782 /* Build configuration list for PBXNativeTarget "MVP-UNIT-Test-SampleUITests" */ = {
			isa = XCConfigurationList;
			buildConfigurations = (
				A103022E297A5C2A001FF782 /* Debug */,
				A103022F297A5C2A001FF782 /* Release */,
			);
			defaultConfigurationIsVisible = 0;
			defaultConfigurationName = Release;
		};
/* End XCConfigurationList section */
	};
	rootObject = A10301F5297A5C29001FF782 /* Project object */;
}
